
Microsoft Visual Studio Solution File, Format Version 12.00
# Visual Studio Version 16
VisualStudioVersion = 16.0.29911.84
MinimumVisualStudioVersion = 10.0.40219.1
Project("{FAE04EC0-301F-11D3-BF4B-00C04F79EFBC}") = "BasicShop", "BasicShop\BasicShop.csproj", "{FF9F61AE-59A8-45FA-8CC1-498AFD50FC86}"
EndProject
Project("{FAE04EC0-301F-11D3-BF4B-00C04F79EFBC}") = "BasicShop.Tests", "BasicShop.Tests\BasicShop.Tests.csproj", "{43D527B6-BC9B-4A8A-893C-5B1225684839}"
EndProject
Global
	GlobalSection(SolutionConfigurationPlatforms) = preSolution
		Debug|Any CPU = Debug|Any CPU
		Release|Any CPU = Release|Any CPU
	EndGlobalSection
	GlobalSection(ProjectConfigurationPlatforms) = postSolution
		{FF9F61AE-59A8-45FA-8CC1-498AFD50FC86}.Debug|Any CPU.ActiveCfg = Debug|Any CPU
		{FF9F61AE-59A8-45FA-8CC1-498AFD50FC86}.Debug|Any CPU.Build.0 = Debug|Any CPU
		{FF9F61AE-59A8-45FA-8CC1-498AFD50FC86}.Release|Any CPU.ActiveCfg = Release|Any CPU
		{FF9F61AE-59A8-45FA-8CC1-498AFD50FC86}.Release|Any CPU.Build.0 = Release|Any CPU
		{43D527B6-BC9B-4A8A-893C-5B1225684839}.Debug|Any CPU.ActiveCfg = Debug|Any CPU
		{43D527B6-BC9B-4A8A-893C-5B1225684839}.Debug|Any CPU.Build.0 = Debug|Any CPU
		{43D527B6-BC9B-4A8A-893C-5B1225684839}.Release|Any CPU.ActiveCfg = Release|Any CPU
		{43D527B6-BC9B-4A8A-893C-5B1225684839}.Release|Any CPU.Build.0 = Release|Any CPU
	EndGlobalSection
	GlobalSection(SolutionProperties) = preSolution
		HideSolutionNode = FALSE
	EndGlobalSection
	GlobalSection(ExtensibilityGlobals) = postSolution
		SolutionGuid = {7170967B-5E17-4A2A-8D2F-C22D938F9097}
	EndGlobalSection
EndGlobal
